
Microsoft Visual Studio Solution File, Format Version 12.00
Project("{FAE04EC0-301F-11D3-BF4B-00C04F79EFBC}") = "MinesweeperGame", "MinesweeperGame\MinesweeperGame.csproj", "{CABC9C4F-2F7A-45F0-A49C-F5B8F3C1710F}"
EndProject
Project("{FAE04EC0-301F-11D3-BF4B-00C04F79EFBC}") = "MineSweeperTests", "MineSweeperTests\MineSweeperTests.csproj", "{5492574E-E57B-46DE-AED3-1B3AC7DAB706}"
EndProject
Global
	GlobalSection(SolutionConfigurationPlatforms) = preSolution
		Debug|Any CPU = Debug|Any CPU
		Release|Any CPU = Release|Any CPU
	EndGlobalSection
	GlobalSection(ProjectConfigurationPlatforms) = postSolution
		{CABC9C4F-2F7A-45F0-A49C-F5B8F3C1710F}.Debug|Any CPU.ActiveCfg = Debug|Any CPU
		{CABC9C4F-2F7A-45F0-A49C-F5B8F3C1710F}.Debug|Any CPU.Build.0 = Debug|Any CPU
		{CABC9C4F-2F7A-45F0-A49C-F5B8F3C1710F}.Release|Any CPU.ActiveCfg = Release|Any CPU
		{CABC9C4F-2F7A-45F0-A49C-F5B8F3C1710F}.Release|Any CPU.Build.0 = Release|Any CPU
		{5492574E-E57B-46DE-AED3-1B3AC7DAB706}.Debug|Any CPU.ActiveCfg = Debug|Any CPU
		{5492574E-E57B-46DE-AED3-1B3AC7DAB706}.Debug|Any CPU.Build.0 = Debug|Any CPU
		{5492574E-E57B-46DE-AED3-1B3AC7DAB706}.Release|Any CPU.ActiveCfg = Release|Any CPU
		{5492574E-E57B-46DE-AED3-1B3AC7DAB706}.Release|Any CPU.Build.0 = Release|Any CPU
	EndGlobalSection
EndGlobal
